<?xml version="1.0" encoding="utf-8"?>
<Project ToolsVersion="4.0" xmlns="http://schemas.microsoft.com/developer/msbuild/2003">
  <ItemGroup>
    <Filter Include="KitForge">
      <UniqueIdentifier>{00806759-EC4C-C264-1566-B00C0192F7F2}</UniqueIdentifier>
    </Filter>
    <Filter Include="KitForge\Events">
      <UniqueIdentifier>{E42B6D95-50B7-DA59-59C8-5D4EC5D2365A}</UniqueIdentifier>
    </Filter>
    <Filter Include="Platform">
      <UniqueIdentifier>{2AC788B4-1694-E3BF-3FAD-D1672BD9184E}</UniqueIdentifier>
    </Filter>
    <Filter Include="Platform\Windows">
      <UniqueIdentifier>{64FBD71A-50F4-F66C-7926-DCF1657ED678}</UniqueIdentifier>
    </Filter>
  </ItemGroup>
  <ItemGroup>
    <ClInclude Include="src\KitForge.h" />
    <ClInclude Include="src\KitForge\Application.h">
      <Filter>KitForge</Filter>
    </ClInclude>
    <ClInclude Include="src\KitForge\Core.h">
      <Filter>KitForge</Filter>
    </ClInclude>
    <ClInclude Include="src\KitForge\EntryPoint.h">
      <Filter>KitForge</Filter>
    </ClInclude>
    <ClInclude Include="src\KitForge\Events\ApplicationEvent.h">
      <Filter>KitForge\Events</Filter>
    </ClInclude>
    <ClInclude Include="src\KitForge\Events\Event.h">
      <Filter>KitForge\Events</Filter>
    </ClInclude>
    <ClInclude Include="src\KitForge\Events\KeyEvent.h">
      <Filter>KitForge\Events</Filter>
    </ClInclude>
    <ClInclude Include="src\KitForge\Events\MouseEvent.h">
      <Filter>KitForge\Events</Filter>
    </ClInclude>
    <ClInclude Include="src\KitForge\Log.h">
      <Filter>KitForge</Filter>
    </ClInclude>
    <ClInclude Include="src\KitForge\Window.h">
      <Filter>KitForge</Filter>
    </ClInclude>
    <ClInclude Include="src\Platform\Windows\WindowsWindow.h">
      <Filter>Platform\Windows</Filter>
    </ClInclude>
    <ClInclude Include="src\kitforgepch.h" />
  </ItemGroup>
  <ItemGroup>
    <ClCompile Include="src\KitForge\Application.cpp">
      <Filter>KitForge</Filter>
    </ClCompile>
    <ClCompile Include="src\KitForge\Log.cpp">
      <Filter>KitForge</Filter>
    </ClCompile>
    <ClCompile Include="src\Platform\Windows\WindowsWindow.cpp">
      <Filter>Platform\Windows</Filter>
    </ClCompile>
    <ClCompile Include="src\kitforgepch.cpp" />
  </ItemGroup>
</Project>